// !$*UTF8*$!
{
	archiveVersion = 1;
	classes = {
	};
	objectVersion = 50;
	objects = {

/* Begin PBXBuildFile section */
		53133FAF26B171A50042379D /* StyleScript-Regular.ttf in Resources */ = {isa = PBXBuildFile; fileRef = 53133FAE26B171A50042379D /* StyleScript-Regular.ttf */; };
		5333EB0C26A8983A00B7411D /* ScoreViewController.swift in Sources */ = {isa = PBXBuildFile; fileRef = 5333EB0B26A8983A00B7411D /* ScoreViewController.swift */; };
		5333EB0E26A8984C00B7411D /* SettingsViewController.swift in Sources */ = {isa = PBXBuildFile; fileRef = 5333EB0D26A8984C00B7411D /* SettingsViewController.swift */; };
		5333EB1526A9E52B00B7411D /* RootVC+CoreKit.swift in Sources */ = {isa = PBXBuildFile; fileRef = 5333EB1426A9E52B00B7411D /* RootVC+CoreKit.swift */; };
		534D2D1B269D757E00052236 /* AppDelegate.swift in Sources */ = {isa = PBXBuildFile; fileRef = 534D2D1A269D757E00052236 /* AppDelegate.swift */; };
		534D2D1D269D757E00052236 /* SceneDelegate.swift in Sources */ = {isa = PBXBuildFile; fileRef = 534D2D1C269D757E00052236 /* SceneDelegate.swift */; };
		534D2D22269D757E00052236 /* Main.storyboard in Resources */ = {isa = PBXBuildFile; fileRef = 534D2D20269D757E00052236 /* Main.storyboard */; };
		534D2D24269D758100052236 /* Assets.xcassets in Resources */ = {isa = PBXBuildFile; fileRef = 534D2D23269D758100052236 /* Assets.xcassets */; };
		534D2D27269D758100052236 /* LaunchScreen.storyboard in Resources */ = {isa = PBXBuildFile; fileRef = 534D2D25269D758100052236 /* LaunchScreen.storyboard */; };
		534D2D32269D760500052236 /* RootViewController.swift in Sources */ = {isa = PBXBuildFile; fileRef = 534D2D31269D760500052236 /* RootViewController.swift */; };
		534D2D34269D80D600052236 /* ChessBoard.storyboard in Resources */ = {isa = PBXBuildFile; fileRef = 534D2D33269D80D600052236 /* ChessBoard.storyboard */; };
		534D2D36269D80F200052236 /* ChessBoardController.swift in Sources */ = {isa = PBXBuildFile; fileRef = 534D2D35269D80F200052236 /* ChessBoardController.swift */; };
		537B185B26AC2AEB0026D73C /* Score.storyboard in Resources */ = {isa = PBXBuildFile; fileRef = 537B185A26AC2AEB0026D73C /* Score.storyboard */; };
		537B185D26AC2AF40026D73C /* Settings.storyboard in Resources */ = {isa = PBXBuildFile; fileRef = 537B185C26AC2AF40026D73C /* Settings.storyboard */; };
		537EBD4126A784FE00454D24 /* bad code.swift in Sources */ = {isa = PBXBuildFile; fileRef = 537EBD4026A784FE00454D24 /* bad code.swift */; };
		53F8A5FE26B9EA2400166BD2 /* ChessBoardController+CoreKit.swift in Sources */ = {isa = PBXBuildFile; fileRef = 53F8A5FD26B9EA2400166BD2 /* ChessBoardController+CoreKit.swift */; };
/* End PBXBuildFile section */

/* Begin PBXFileReference section */
		53133FAE26B171A50042379D /* StyleScript-Regular.ttf */ = {isa = PBXFileReference; lastKnownFileType = file; path = "StyleScript-Regular.ttf"; sourceTree = "<group>"; };
		5333EB0B26A8983A00B7411D /* ScoreViewController.swift */ = {isa = PBXFileReference; lastKnownFileType = sourcecode.swift; path = ScoreViewController.swift; sourceTree = "<group>"; };
		5333EB0D26A8984C00B7411D /* SettingsViewController.swift */ = {isa = PBXFileReference; lastKnownFileType = sourcecode.swift; path = SettingsViewController.swift; sourceTree = "<group>"; };
		5333EB1426A9E52B00B7411D /* RootVC+CoreKit.swift */ = {isa = PBXFileReference; lastKnownFileType = sourcecode.swift; path = "RootVC+CoreKit.swift"; sourceTree = "<group>"; };
		534D2D17269D757E00052236 /* homeWorkLesson10.app */ = {isa = PBXFileReference; explicitFileType = wrapper.application; includeInIndex = 0; path = homeWorkLesson10.app; sourceTree = BUILT_PRODUCTS_DIR; };
		534D2D1A269D757E00052236 /* AppDelegate.swift */ = {isa = PBXFileReference; lastKnownFileType = sourcecode.swift; path = AppDelegate.swift; sourceTree = "<group>"; };
		534D2D1C269D757E00052236 /* SceneDelegate.swift */ = {isa = PBXFileReference; lastKnownFileType = sourcecode.swift; path = SceneDelegate.swift; sourceTree = "<group>"; };
		534D2D21269D757E00052236 /* Base */ = {isa = PBXFileReference; lastKnownFileType = file.storyboard; name = Base; path = Base.lproj/Main.storyboard; sourceTree = "<group>"; };
		534D2D23269D758100052236 /* Assets.xcassets */ = {isa = PBXFileReference; lastKnownFileType = folder.assetcatalog; path = Assets.xcassets; sourceTree = "<group>"; };
		534D2D26269D758100052236 /* Base */ = {isa = PBXFileReference; lastKnownFileType = file.storyboard; name = Base; path = Base.lproj/LaunchScreen.storyboard; sourceTree = "<group>"; };
		534D2D28269D758100052236 /* Info.plist */ = {isa = PBXFileReference; lastKnownFileType = text.plist.xml; path = Info.plist; sourceTree = "<group>"; };
		534D2D31269D760500052236 /* RootViewController.swift */ = {isa = PBXFileReference; lastKnownFileType = sourcecode.swift; path = RootViewController.swift; sourceTree = "<group>"; };
		534D2D33269D80D600052236 /* ChessBoard.storyboard */ = {isa = PBXFileReference; lastKnownFileType = file.storyboard; path = ChessBoard.storyboard; sourceTree = "<group>"; };
		534D2D35269D80F200052236 /* ChessBoardController.swift */ = {isa = PBXFileReference; lastKnownFileType = sourcecode.swift; path = ChessBoardController.swift; sourceTree = "<group>"; };
		537B185A26AC2AEB0026D73C /* Score.storyboard */ = {isa = PBXFileReference; lastKnownFileType = file.storyboard; path = Score.storyboard; sourceTree = "<group>"; };
		537B185C26AC2AF40026D73C /* Settings.storyboard */ = {isa = PBXFileReference; lastKnownFileType = file.storyboard; path = Settings.storyboard; sourceTree = "<group>"; };
		537EBD4026A784FE00454D24 /* bad code.swift */ = {isa = PBXFileReference; lastKnownFileType = sourcecode.swift; path = "bad code.swift"; sourceTree = "<group>"; };
		53F8A5FD26B9EA2400166BD2 /* ChessBoardController+CoreKit.swift */ = {isa = PBXFileReference; lastKnownFileType = sourcecode.swift; path = "ChessBoardController+CoreKit.swift"; sourceTree = "<group>"; };
/* End PBXFileReference section */

/* Begin PBXFrameworksBuildPhase section */
		534D2D14269D757E00052236 /* Frameworks */ = {
			isa = PBXFrameworksBuildPhase;
			buildActionMask = 2147483647;
			files = (
			);
			runOnlyForDeploymentPostprocessing = 0;
		};
/* End PBXFrameworksBuildPhase section */

/* Begin PBXGroup section */
		53133FAD26B171900042379D /* Fonts */ = {
			isa = PBXGroup;
			children = (
				53133FAE26B171A50042379D /* StyleScript-Regular.ttf */,
			);
			path = Fonts;
			sourceTree = "<group>";
		};
		5333EB1326A9E4F600B7411D /* Extensions */ = {
			isa = PBXGroup;
			children = (
				5333EB1426A9E52B00B7411D /* RootVC+CoreKit.swift */,
				53F8A5FD26B9EA2400166BD2 /* ChessBoardController+CoreKit.swift */,
			);
			path = Extensions;
			sourceTree = "<group>";
		};
		534D2D0E269D757E00052236 = {
			isa = PBXGroup;
			children = (
				534D2D19269D757E00052236 /* homeWorkLesson10 */,
				534D2D18269D757E00052236 /* Products */,
			);
			sourceTree = "<group>";
		};
		534D2D18269D757E00052236 /* Products */ = {
			isa = PBXGroup;
			children = (
				534D2D17269D757E00052236 /* homeWorkLesson10.app */,
			);
			name = Products;
			sourceTree = "<group>";
		};
		534D2D19269D757E00052236 /* homeWorkLesson10 */ = {
			isa = PBXGroup;
			children = (
				53133FAD26B171900042379D /* Fonts */,
				5333EB1326A9E4F600B7411D /* Extensions */,
				534D2D30269D75C400052236 /* Controllers */,
				534D2D2F269D75B700052236 /* Views */,
				534D2D2E269D759100052236 /* Suporting Files */,
			);
			path = homeWorkLesson10;
			sourceTree = "<group>";
		};
		534D2D2E269D759100052236 /* Suporting Files */ = {
			isa = PBXGroup;
			children = (
				534D2D1A269D757E00052236 /* AppDelegate.swift */,
				534D2D1C269D757E00052236 /* SceneDelegate.swift */,
				534D2D23269D758100052236 /* Assets.xcassets */,
				534D2D28269D758100052236 /* Info.plist */,
			);
			path = "Suporting Files";
			sourceTree = "<group>";
		};
		534D2D2F269D75B700052236 /* Views */ = {
			isa = PBXGroup;
			children = (
				534D2D20269D757E00052236 /* Main.storyboard */,
				534D2D33269D80D600052236 /* ChessBoard.storyboard */,
				537B185A26AC2AEB0026D73C /* Score.storyboard */,
				537B185C26AC2AF40026D73C /* Settings.storyboard */,
				534D2D25269D758100052236 /* LaunchScreen.storyboard */,
			);
			path = Views;
			sourceTree = "<group>";
		};
		534D2D30269D75C400052236 /* Controllers */ = {
			isa = PBXGroup;
			children = (
				534D2D31269D760500052236 /* RootViewController.swift */,
				534D2D35269D80F200052236 /* ChessBoardController.swift */,
				5333EB0B26A8983A00B7411D /* ScoreViewController.swift */,
				5333EB0D26A8984C00B7411D /* SettingsViewController.swift */,
				537EBD4026A784FE00454D24 /* bad code.swift */,
			);
			path = Controllers;
			sourceTree = "<group>";
		};
/* End PBXGroup section */

/* Begin PBXNativeTarget section */
		534D2D16269D757E00052236 /* homeWorkLesson10 */ = {
			isa = PBXNativeTarget;
			buildConfigurationList = 534D2D2B269D758100052236 /* Build configuration list for PBXNativeTarget "homeWorkLesson10" */;
			buildPhases = (
				534D2D13269D757E00052236 /* Sources */,
				534D2D14269D757E00052236 /* Frameworks */,
				534D2D15269D757E00052236 /* Resources */,
			);
			buildRules = (
			);
			dependencies = (
			);
			name = homeWorkLesson10;
			productName = homeWorkLesson10;
			productReference = 534D2D17269D757E00052236 /* homeWorkLesson10.app */;
			productType = "com.apple.product-type.application";
		};
/* End PBXNativeTarget section */

/* Begin PBXProject section */
		534D2D0F269D757E00052236 /* Project object */ = {
			isa = PBXProject;
			attributes = {
				LastSwiftUpdateCheck = 1250;
				LastUpgradeCheck = 1250;
				TargetAttributes = {
					534D2D16269D757E00052236 = {
						CreatedOnToolsVersion = 12.5;
					};
				};
			};
			buildConfigurationList = 534D2D12269D757E00052236 /* Build configuration list for PBXProject "homeWorkLesson10" */;
			compatibilityVersion = "Xcode 9.3";
			developmentRegion = en;
			hasScannedForEncodings = 0;
			knownRegions = (
				en,
				Base,
			);
			mainGroup = 534D2D0E269D757E00052236;
			productRefGroup = 534D2D18269D757E00052236 /* Products */;
			projectDirPath = "";
			projectRoot = "";
			targets = (
				534D2D16269D757E00052236 /* homeWorkLesson10 */,
			);
		};
/* End PBXProject section */

/* Begin PBXResourcesBuildPhase section */
		534D2D15269D757E00052236 /* Resources */ = {
			isa = PBXResourcesBuildPhase;
			buildActionMask = 2147483647;
			files = (
				534D2D27269D758100052236 /* LaunchScreen.storyboard in Resources */,
				534D2D24269D758100052236 /* Assets.xcassets in Resources */,
				53133FAF26B171A50042379D /* StyleScript-Regular.ttf in Resources */,
				534D2D34269D80D600052236 /* ChessBoard.storyboard in Resources */,
				537B185D26AC2AF40026D73C /* Settings.storyboard in Resources */,
				537B185B26AC2AEB0026D73C /* Score.storyboard in Resources */,
				534D2D22269D757E00052236 /* Main.storyboard in Resources */,
			);
			runOnlyForDeploymentPostprocessing = 0;
		};
/* End PBXResourcesBuildPhase section */

/* Begin PBXSourcesBuildPhase section */
		534D2D13269D757E00052236 /* Sources */ = {
			isa = PBXSourcesBuildPhase;
			buildActionMask = 2147483647;
			files = (
				534D2D1B269D757E00052236 /* AppDelegate.swift in Sources */,
				534D2D1D269D757E00052236 /* SceneDelegate.swift in Sources */,
				5333EB0E26A8984C00B7411D /* SettingsViewController.swift in Sources */,
				5333EB1526A9E52B00B7411D /* RootVC+CoreKit.swift in Sources */,
				534D2D32269D760500052236 /* RootViewController.swift in Sources */,
				537EBD4126A784FE00454D24 /* bad code.swift in Sources */,
				534D2D36269D80F200052236 /* ChessBoardController.swift in Sources */,
				53F8A5FE26B9EA2400166BD2 /* ChessBoardController+CoreKit.swift in Sources */,
				5333EB0C26A8983A00B7411D /* ScoreViewController.swift in Sources */,
			);
			runOnlyForDeploymentPostprocessing = 0;
		};
/* End PBXSourcesBuildPhase section */

/* Begin PBXVariantGroup section */
		534D2D20269D757E00052236 /* Main.storyboard */ = {
			isa = PBXVariantGroup;
			children = (
				534D2D21269D757E00052236 /* Base */,
			);
			name = Main.storyboard;
			sourceTree = "<group>";
		};
		534D2D25269D758100052236 /* LaunchScreen.storyboard */ = {
			isa = PBXVariantGroup;
			children = (
				534D2D26269D758100052236 /* Base */,
			);
			name = LaunchScreen.storyboard;
			sourceTree = "<group>";
		};
/* End PBXVariantGroup section */

/* Begin XCBuildConfiguration section */
		534D2D29269D758100052236 /* Debug */ = {
			isa = XCBuildConfiguration;
			buildSettings = {
				ALWAYS_SEARCH_USER_PATHS = NO;
				CLANG_ANALYZER_NONNULL = YES;
				CLANG_ANALYZER_NUMBER_OBJECT_CONVERSION = YES_AGGRESSIVE;
				CLANG_CXX_LANGUAGE_STANDARD = "gnu++14";
				CLANG_CXX_LIBRARY = "libc++";
				CLANG_ENABLE_MODULES = YES;
				CLANG_ENABLE_OBJC_ARC = YES;
				CLANG_ENABLE_OBJC_WEAK = YES;
				CLANG_WARN_BLOCK_CAPTURE_AUTORELEASING = YES;
				CLANG_WARN_BOOL_CONVERSION = YES;
				CLANG_WARN_COMMA = YES;
				CLANG_WARN_CONSTANT_CONVERSION = YES;
				CLANG_WARN_DEPRECATED_OBJC_IMPLEMENTATIONS = YES;
				CLANG_WARN_DIRECT_OBJC_ISA_USAGE = YES_ERROR;
				CLANG_WARN_DOCUMENTATION_COMMENTS = YES;
				CLANG_WARN_EMPTY_BODY = YES;
				CLANG_WARN_ENUM_CONVERSION = YES;
				CLANG_WARN_INFINITE_RECURSION = YES;
				CLANG_WARN_INT_CONVERSION = YES;
				CLANG_WARN_NON_LITERAL_NULL_CONVERSION = YES;
				CLANG_WARN_OBJC_IMPLICIT_RETAIN_SELF = YES;
				CLANG_WARN_OBJC_LITERAL_CONVERSION = YES;
				CLANG_WARN_OBJC_ROOT_CLASS = YES_ERROR;
				CLANG_WARN_QUOTED_INCLUDE_IN_FRAMEWORK_HEADER = YES;
				CLANG_WARN_RANGE_LOOP_ANALYSIS = YES;
				CLANG_WARN_STRICT_PROTOTYPES = YES;
				CLANG_WARN_SUSPICIOUS_MOVE = YES;
				CLANG_WARN_UNGUARDED_AVAILABILITY = YES_AGGRESSIVE;
				CLANG_WARN_UNREACHABLE_CODE = YES;
				CLANG_WARN__DUPLICATE_METHOD_MATCH = YES;
				COPY_PHASE_STRIP = NO;
				DEBUG_INFORMATION_FORMAT = dwarf;
				ENABLE_STRICT_OBJC_MSGSEND = YES;
				ENABLE_TESTABILITY = YES;
				GCC_C_LANGUAGE_STANDARD = gnu11;
				GCC_DYNAMIC_NO_PIC = NO;
				GCC_NO_COMMON_BLOCKS = YES;
				GCC_OPTIMIZATION_LEVEL = 0;
				GCC_PREPROCESSOR_DEFINITIONS = (
					"DEBUG=1",
					"$(inherited)",
				);
				GCC_WARN_64_TO_32_BIT_CONVERSION = YES;
				GCC_WARN_ABOUT_RETURN_TYPE = YES_ERROR;
				GCC_WARN_UNDECLARED_SELECTOR = YES;
				GCC_WARN_UNINITIALIZED_AUTOS = YES_AGGRESSIVE;
				GCC_WARN_UNUSED_FUNCTION = YES;
				GCC_WARN_UNUSED_VARIABLE = YES;
				IPHONEOS_DEPLOYMENT_TARGET = 14.5;
				MTL_ENABLE_DEBUG_INFO = INCLUDE_SOURCE;
				MTL_FAST_MATH = YES;
				ONLY_ACTIVE_ARCH = YES;
				SDKROOT = iphoneos;
				SWIFT_ACTIVE_COMPILATION_CONDITIONS = DEBUG;
				SWIFT_OPTIMIZATION_LEVEL = "-Onone";
			};
			name = Debug;
		};
		534D2D2A269D758100052236 /* Release */ = {
			isa = XCBuildConfiguration;
			buildSettings = {
				ALWAYS_SEARCH_USER_PATHS = NO;
				CLANG_ANALYZER_NONNULL = YES;
				CLANG_ANALYZER_NUMBER_OBJECT_CONVERSION = YES_AGGRESSIVE;
				CLANG_CXX_LANGUAGE_STANDARD = "gnu++14";
				CLANG_CXX_LIBRARY = "libc++";
				CLANG_ENABLE_MODULES = YES;
				CLANG_ENABLE_OBJC_ARC = YES;
				CLANG_ENABLE_OBJC_WEAK = YES;
				CLANG_WARN_BLOCK_CAPTURE_AUTORELEASING = YES;
				CLANG_WARN_BOOL_CONVERSION = YES;
				CLANG_WARN_COMMA = YES;
				CLANG_WARN_CONSTANT_CONVERSION = YES;
				CLANG_WARN_DEPRECATED_OBJC_IMPLEMENTATIONS = YES;
				CLANG_WARN_DIRECT_OBJC_ISA_USAGE = YES_ERROR;
				CLANG_WARN_DOCUMENTATION_COMMENTS = YES;
				CLANG_WARN_EMPTY_BODY = YES;
				CLANG_WARN_ENUM_CONVERSION = YES;
				CLANG_WARN_INFINITE_RECURSION = YES;
				CLANG_WARN_INT_CONVERSION = YES;
				CLANG_WARN_NON_LITERAL_NULL_CONVERSION = YES;
				CLANG_WARN_OBJC_IMPLICIT_RETAIN_SELF = YES;
				CLANG_WARN_OBJC_LITERAL_CONVERSION = YES;
				CLANG_WARN_OBJC_ROOT_CLASS = YES_ERROR;
				CLANG_WARN_QUOTED_INCLUDE_IN_FRAMEWORK_HEADER = YES;
				CLANG_WARN_RANGE_LOOP_ANALYSIS = YES;
				CLANG_WARN_STRICT_PROTOTYPES = YES;
				CLANG_WARN_SUSPICIOUS_MOVE = YES;
				CLANG_WARN_UNGUARDED_AVAILABILITY = YES_AGGRESSIVE;
				CLANG_WARN_UNREACHABLE_CODE = YES;
				CLANG_WARN__DUPLICATE_METHOD_MATCH = YES;
				COPY_PHASE_STRIP = NO;
				DEBUG_INFORMATION_FORMAT = "dwarf-with-dsym";
				ENABLE_NS_ASSERTIONS = NO;
				ENABLE_STRICT_OBJC_MSGSEND = YES;
				GCC_C_LANGUAGE_STANDARD = gnu11;
				GCC_NO_COMMON_BLOCKS = YES;
				GCC_WARN_64_TO_32_BIT_CONVERSION = YES;
				GCC_WARN_ABOUT_RETURN_TYPE = YES_ERROR;
				GCC_WARN_UNDECLARED_SELECTOR = YES;
				GCC_WARN_UNINITIALIZED_AUTOS = YES_AGGRESSIVE;
				GCC_WARN_UNUSED_FUNCTION = YES;
				GCC_WARN_UNUSED_VARIABLE = YES;
				IPHONEOS_DEPLOYMENT_TARGET = 14.5;
				MTL_ENABLE_DEBUG_INFO = NO;
				MTL_FAST_MATH = YES;
				SDKROOT = iphoneos;
				SWIFT_COMPILATION_MODE = wholemodule;
				SWIFT_OPTIMIZATION_LEVEL = "-O";
				VALIDATE_PRODUCT = YES;
			};
			name = Release;
		};
		534D2D2C269D758100052236 /* Debug */ = {
			isa = XCBuildConfiguration;
			buildSettings = {
				ASSETCATALOG_COMPILER_APPICON_NAME = AppIcon;
				ASSETCATALOG_COMPILER_GLOBAL_ACCENT_COLOR_NAME = AccentColor;
				CODE_SIGN_STYLE = Automatic;
				DEVELOPMENT_TEAM = CP6Y2Q4BFL;
				INFOPLIST_FILE = "homeWorkLesson10/Suporting Files/Info.plist";
				LD_RUNPATH_SEARCH_PATHS = (
					"$(inherited)",
					"@executable_path/Frameworks",
				);
				PRODUCT_BUNDLE_IDENTIFIER = moobatteam.homeWorkLesson10;
				PRODUCT_NAME = "$(TARGET_NAME)";
				SWIFT_VERSION = 5.0;
				TARGETED_DEVICE_FAMILY = "1,2";
			};
			name = Debug;
		};
		534D2D2D269D758100052236 /* Release */ = {
			isa = XCBuildConfiguration;
			buildSettings = {
				ASSETCATALOG_COMPILER_APPICON_NAME = AppIcon;
				ASSETCATALOG_COMPILER_GLOBAL_ACCENT_COLOR_NAME = AccentColor;
				CODE_SIGN_STYLE = Automatic;
				DEVELOPMENT_TEAM = CP6Y2Q4BFL;
				INFOPLIST_FILE = "homeWorkLesson10/Suporting Files/Info.plist";
				LD_RUNPATH_SEARCH_PATHS = (
					"$(inherited)",
					"@executable_path/Frameworks",
				);
				PRODUCT_BUNDLE_IDENTIFIER = moobatteam.homeWorkLesson10;
				PRODUCT_NAME = "$(TARGET_NAME)";
				SWIFT_VERSION = 5.0;
				TARGETED_DEVICE_FAMILY = "1,2";
			};
			name = Release;
		};
/* End XCBuildConfiguration section */

/* Begin XCConfigurationList section */
		534D2D12269D757E00052236 /* Build configuration list for PBXProject "homeWorkLesson10" */ = {
			isa = XCConfigurationList;
			buildConfigurations = (
				534D2D29269D758100052236 /* Debug */,
				534D2D2A269D758100052236 /* Release */,
			);
			defaultConfigurationIsVisible = 0;
			defaultConfigurationName = Release;
		};
		534D2D2B269D758100052236 /* Build configuration list for PBXNativeTarget "homeWorkLesson10" */ = {
			isa = XCConfigurationList;
			buildConfigurations = (
				534D2D2C269D758100052236 /* Debug */,
				534D2D2D269D758100052236 /* Release */,
			);
			defaultConfigurationIsVisible = 0;
			defaultConfigurationName = Release;
		};
/* End XCConfigurationList section */
	};
	rootObject = 534D2D0F269D757E00052236 /* Project object */;
}
