// !$*UTF8*$!
{
	archiveVersion = 1;
	classes = {
	};
	objectVersion = 50;
	objects = {

/* Begin PBXBuildFile section */
		533B8848268F00DD008163F2 /* Artist.swift in Sources */ = {isa = PBXBuildFile; fileRef = 533B8847268F00DD008163F2 /* Artist.swift */; };
		533B884A268F01BB008163F2 /* Dancer.swift in Sources */ = {isa = PBXBuildFile; fileRef = 533B8849268F01BB008163F2 /* Dancer.swift */; };
		533B884C268F0210008163F2 /* Singer.swift in Sources */ = {isa = PBXBuildFile; fileRef = 533B884B268F0210008163F2 /* Singer.swift */; };
		533B884E268F025C008163F2 /* Actor.swift in Sources */ = {isa = PBXBuildFile; fileRef = 533B884D268F025C008163F2 /* Actor.swift */; };
		533B8850268F029A008163F2 /* Painter.swift in Sources */ = {isa = PBXBuildFile; fileRef = 533B884F268F029A008163F2 /* Painter.swift */; };
		533B8853268F266C008163F2 /* Vehicle.swift in Sources */ = {isa = PBXBuildFile; fileRef = 533B8852268F266C008163F2 /* Vehicle.swift */; };
		533B8855268F2885008163F2 /* Plane.swift in Sources */ = {isa = PBXBuildFile; fileRef = 533B8854268F2885008163F2 /* Plane.swift */; };
		533B8857268F289F008163F2 /* Ship.swift in Sources */ = {isa = PBXBuildFile; fileRef = 533B8856268F289F008163F2 /* Ship.swift */; };
		533B8859268F28C4008163F2 /* Helicopter.swift in Sources */ = {isa = PBXBuildFile; fileRef = 533B8858268F28C4008163F2 /* Helicopter.swift */; };
		533B885B268F28D3008163F2 /* Car.swift in Sources */ = {isa = PBXBuildFile; fileRef = 533B885A268F28D3008163F2 /* Car.swift */; };
		533B8865268FDC82008163F2 /* Giraffe.swift in Sources */ = {isa = PBXBuildFile; fileRef = 533B8864268FDC82008163F2 /* Giraffe.swift */; };
		533B8867268FDCA0008163F2 /* Dogs.swift in Sources */ = {isa = PBXBuildFile; fileRef = 533B8866268FDCA0008163F2 /* Dogs.swift */; };
		533B8869268FDCB7008163F2 /* Monkey.swift in Sources */ = {isa = PBXBuildFile; fileRef = 533B8868268FDCB7008163F2 /* Monkey.swift */; };
		533B886B268FDCD6008163F2 /* Crocodiles.swift in Sources */ = {isa = PBXBuildFile; fileRef = 533B886A268FDCD6008163F2 /* Crocodiles.swift */; };
		533B886D268FDCE8008163F2 /* Humans.swift in Sources */ = {isa = PBXBuildFile; fileRef = 533B886C268FDCE8008163F2 /* Humans.swift */; };
		5383AADF268E8EA600453CDA /* AppDelegate.swift in Sources */ = {isa = PBXBuildFile; fileRef = 5383AADE268E8EA600453CDA /* AppDelegate.swift */; };
		5383AAE1268E8EA600453CDA /* SceneDelegate.swift in Sources */ = {isa = PBXBuildFile; fileRef = 5383AAE0268E8EA600453CDA /* SceneDelegate.swift */; };
		5383AAE3268E8EA600453CDA /* ViewController.swift in Sources */ = {isa = PBXBuildFile; fileRef = 5383AAE2268E8EA600453CDA /* ViewController.swift */; };
		5383AAE6268E8EA700453CDA /* Main.storyboard in Resources */ = {isa = PBXBuildFile; fileRef = 5383AAE4268E8EA700453CDA /* Main.storyboard */; };
		5383AAE8268E8EAC00453CDA /* Assets.xcassets in Resources */ = {isa = PBXBuildFile; fileRef = 5383AAE7268E8EAC00453CDA /* Assets.xcassets */; };
		5383AAEB268E8EAC00453CDA /* LaunchScreen.storyboard in Resources */ = {isa = PBXBuildFile; fileRef = 5383AAE9268E8EAC00453CDA /* LaunchScreen.storyboard */; };
		53E6D95B2690985F005DFEBA /* Creatures.swift in Sources */ = {isa = PBXBuildFile; fileRef = 53E6D95A2690985F005DFEBA /* Creatures.swift */; };
		53E6D95D2690989B005DFEBA /* Animals.swift in Sources */ = {isa = PBXBuildFile; fileRef = 53E6D95C2690989B005DFEBA /* Animals.swift */; };
		53E6D95F269098D0005DFEBA /* FourLegged.swift in Sources */ = {isa = PBXBuildFile; fileRef = 53E6D95E269098D0005DFEBA /* FourLegged.swift */; };
/* End PBXBuildFile section */

/* Begin PBXFileReference section */
		533B8847268F00DD008163F2 /* Artist.swift */ = {isa = PBXFileReference; lastKnownFileType = sourcecode.swift; path = Artist.swift; sourceTree = "<group>"; };
		533B8849268F01BB008163F2 /* Dancer.swift */ = {isa = PBXFileReference; lastKnownFileType = sourcecode.swift; path = Dancer.swift; sourceTree = "<group>"; };
		533B884B268F0210008163F2 /* Singer.swift */ = {isa = PBXFileReference; lastKnownFileType = sourcecode.swift; path = Singer.swift; sourceTree = "<group>"; };
		533B884D268F025C008163F2 /* Actor.swift */ = {isa = PBXFileReference; lastKnownFileType = sourcecode.swift; path = Actor.swift; sourceTree = "<group>"; };
		533B884F268F029A008163F2 /* Painter.swift */ = {isa = PBXFileReference; lastKnownFileType = sourcecode.swift; path = Painter.swift; sourceTree = "<group>"; };
		533B8852268F266C008163F2 /* Vehicle.swift */ = {isa = PBXFileReference; lastKnownFileType = sourcecode.swift; path = Vehicle.swift; sourceTree = "<group>"; };
		533B8854268F2885008163F2 /* Plane.swift */ = {isa = PBXFileReference; lastKnownFileType = sourcecode.swift; path = Plane.swift; sourceTree = "<group>"; };
		533B8856268F289F008163F2 /* Ship.swift */ = {isa = PBXFileReference; lastKnownFileType = sourcecode.swift; path = Ship.swift; sourceTree = "<group>"; };
		533B8858268F28C4008163F2 /* Helicopter.swift */ = {isa = PBXFileReference; lastKnownFileType = sourcecode.swift; path = Helicopter.swift; sourceTree = "<group>"; };
		533B885A268F28D3008163F2 /* Car.swift */ = {isa = PBXFileReference; lastKnownFileType = sourcecode.swift; path = Car.swift; sourceTree = "<group>"; };
		533B8864268FDC82008163F2 /* Giraffe.swift */ = {isa = PBXFileReference; lastKnownFileType = sourcecode.swift; path = Giraffe.swift; sourceTree = "<group>"; };
		533B8866268FDCA0008163F2 /* Dogs.swift */ = {isa = PBXFileReference; lastKnownFileType = sourcecode.swift; path = Dogs.swift; sourceTree = "<group>"; };
		533B8868268FDCB7008163F2 /* Monkey.swift */ = {isa = PBXFileReference; lastKnownFileType = sourcecode.swift; path = Monkey.swift; sourceTree = "<group>"; };
		533B886A268FDCD6008163F2 /* Crocodiles.swift */ = {isa = PBXFileReference; lastKnownFileType = sourcecode.swift; path = Crocodiles.swift; sourceTree = "<group>"; };
		533B886C268FDCE8008163F2 /* Humans.swift */ = {isa = PBXFileReference; lastKnownFileType = sourcecode.swift; path = Humans.swift; sourceTree = "<group>"; };
		5383AADB268E8EA600453CDA /* homeWorkLesson7.app */ = {isa = PBXFileReference; explicitFileType = wrapper.application; includeInIndex = 0; path = homeWorkLesson7.app; sourceTree = BUILT_PRODUCTS_DIR; };
		5383AADE268E8EA600453CDA /* AppDelegate.swift */ = {isa = PBXFileReference; lastKnownFileType = sourcecode.swift; path = AppDelegate.swift; sourceTree = "<group>"; };
		5383AAE0268E8EA600453CDA /* SceneDelegate.swift */ = {isa = PBXFileReference; lastKnownFileType = sourcecode.swift; path = SceneDelegate.swift; sourceTree = "<group>"; };
		5383AAE2268E8EA600453CDA /* ViewController.swift */ = {isa = PBXFileReference; lastKnownFileType = sourcecode.swift; path = ViewController.swift; sourceTree = "<group>"; };
		5383AAE5268E8EA700453CDA /* Base */ = {isa = PBXFileReference; lastKnownFileType = file.storyboard; name = Base; path = Base.lproj/Main.storyboard; sourceTree = "<group>"; };
		5383AAE7268E8EAC00453CDA /* Assets.xcassets */ = {isa = PBXFileReference; lastKnownFileType = folder.assetcatalog; path = Assets.xcassets; sourceTree = "<group>"; };
		5383AAEA268E8EAC00453CDA /* Base */ = {isa = PBXFileReference; lastKnownFileType = file.storyboard; name = Base; path = Base.lproj/LaunchScreen.storyboard; sourceTree = "<group>"; };
		5383AAEC268E8EAC00453CDA /* Info.plist */ = {isa = PBXFileReference; lastKnownFileType = text.plist.xml; path = Info.plist; sourceTree = "<group>"; };
		53E6D95A2690985F005DFEBA /* Creatures.swift */ = {isa = PBXFileReference; lastKnownFileType = sourcecode.swift; path = Creatures.swift; sourceTree = "<group>"; };
		53E6D95C2690989B005DFEBA /* Animals.swift */ = {isa = PBXFileReference; lastKnownFileType = sourcecode.swift; path = Animals.swift; sourceTree = "<group>"; };
		53E6D95E269098D0005DFEBA /* FourLegged.swift */ = {isa = PBXFileReference; lastKnownFileType = sourcecode.swift; path = FourLegged.swift; sourceTree = "<group>"; };
/* End PBXFileReference section */

/* Begin PBXFrameworksBuildPhase section */
		5383AAD8268E8EA600453CDA /* Frameworks */ = {
			isa = PBXFrameworksBuildPhase;
			buildActionMask = 2147483647;
			files = (
			);
			runOnlyForDeploymentPostprocessing = 0;
		};
/* End PBXFrameworksBuildPhase section */

/* Begin PBXGroup section */
		533B8843268EFC45008163F2 /* Suporting Files */ = {
			isa = PBXGroup;
			children = (
				5383AADE268E8EA600453CDA /* AppDelegate.swift */,
				5383AAE0268E8EA600453CDA /* SceneDelegate.swift */,
				5383AAE7268E8EAC00453CDA /* Assets.xcassets */,
				5383AAEC268E8EAC00453CDA /* Info.plist */,
			);
			path = "Suporting Files";
			sourceTree = "<group>";
		};
		533B8844268EFC5F008163F2 /* Views */ = {
			isa = PBXGroup;
			children = (
				5383AAE4268E8EA700453CDA /* Main.storyboard */,
				5383AAE9268E8EAC00453CDA /* LaunchScreen.storyboard */,
			);
			path = Views;
			sourceTree = "<group>";
		};
		533B8845268EFC68008163F2 /* Controllers */ = {
			isa = PBXGroup;
			children = (
				5383AAE2268E8EA600453CDA /* ViewController.swift */,
			);
			path = Controllers;
			sourceTree = "<group>";
		};
		533B8846268EFC7D008163F2 /* Models Artists  */ = {
			isa = PBXGroup;
			children = (
				533B8847268F00DD008163F2 /* Artist.swift */,
				533B8849268F01BB008163F2 /* Dancer.swift */,
				533B884B268F0210008163F2 /* Singer.swift */,
				533B884D268F025C008163F2 /* Actor.swift */,
				533B884F268F029A008163F2 /* Painter.swift */,
			);
			path = "Models Artists ";
			sourceTree = "<group>";
		};
		533B8851268F261F008163F2 /* Models Vehicle */ = {
			isa = PBXGroup;
			children = (
				533B8852268F266C008163F2 /* Vehicle.swift */,
				533B8854268F2885008163F2 /* Plane.swift */,
				533B8856268F289F008163F2 /* Ship.swift */,
				533B8858268F28C4008163F2 /* Helicopter.swift */,
				533B885A268F28D3008163F2 /* Car.swift */,
			);
			path = "Models Vehicle";
			sourceTree = "<group>";
		};
		533B885C268FDA2D008163F2 /* Models Сreatures */ = {
			isa = PBXGroup;
			children = (
				53E6D9592690978B005DFEBA /* Helper Classes */,
				533B886C268FDCE8008163F2 /* Humans.swift */,
				533B8866268FDCA0008163F2 /* Dogs.swift */,
				533B8868268FDCB7008163F2 /* Monkey.swift */,
				533B886A268FDCD6008163F2 /* Crocodiles.swift */,
				533B8864268FDC82008163F2 /* Giraffe.swift */,
			);
			path = "Models Сreatures";
			sourceTree = "<group>";
		};
		5383AAD2268E8EA600453CDA = {
			isa = PBXGroup;
			children = (
				5383AADD268E8EA600453CDA /* homeWorkLesson7 */,
				5383AADC268E8EA600453CDA /* Products */,
			);
			sourceTree = "<group>";
		};
		5383AADC268E8EA600453CDA /* Products */ = {
			isa = PBXGroup;
			children = (
				5383AADB268E8EA600453CDA /* homeWorkLesson7.app */,
			);
			name = Products;
			sourceTree = "<group>";
		};
		5383AADD268E8EA600453CDA /* homeWorkLesson7 */ = {
			isa = PBXGroup;
			children = (
				533B8845268EFC68008163F2 /* Controllers */,
				533B8846268EFC7D008163F2 /* Models Artists  */,
				533B8851268F261F008163F2 /* Models Vehicle */,
				533B885C268FDA2D008163F2 /* Models Сreatures */,
				533B8843268EFC45008163F2 /* Suporting Files */,
				533B8844268EFC5F008163F2 /* Views */,
			);
			path = homeWorkLesson7;
			sourceTree = "<group>";
		};
		53E6D9592690978B005DFEBA /* Helper Classes */ = {
			isa = PBXGroup;
			children = (
				53E6D95A2690985F005DFEBA /* Creatures.swift */,
				53E6D95C2690989B005DFEBA /* Animals.swift */,
				53E6D95E269098D0005DFEBA /* FourLegged.swift */,
			);
			path = "Helper Classes";
			sourceTree = "<group>";
		};
/* End PBXGroup section */

/* Begin PBXNativeTarget section */
		5383AADA268E8EA600453CDA /* homeWorkLesson7 */ = {
			isa = PBXNativeTarget;
			buildConfigurationList = 5383AAEF268E8EAC00453CDA /* Build configuration list for PBXNativeTarget "homeWorkLesson7" */;
			buildPhases = (
				5383AAD7268E8EA600453CDA /* Sources */,
				5383AAD8268E8EA600453CDA /* Frameworks */,
				5383AAD9268E8EA600453CDA /* Resources */,
			);
			buildRules = (
			);
			dependencies = (
			);
			name = homeWorkLesson7;
			productName = homeWorkLesson7;
			productReference = 5383AADB268E8EA600453CDA /* homeWorkLesson7.app */;
			productType = "com.apple.product-type.application";
		};
/* End PBXNativeTarget section */

/* Begin PBXProject section */
		5383AAD3268E8EA600453CDA /* Project object */ = {
			isa = PBXProject;
			attributes = {
				LastSwiftUpdateCheck = 1250;
				LastUpgradeCheck = 1250;
				TargetAttributes = {
					5383AADA268E8EA600453CDA = {
						CreatedOnToolsVersion = 12.5;
					};
				};
			};
			buildConfigurationList = 5383AAD6268E8EA600453CDA /* Build configuration list for PBXProject "homeWorkLesson7" */;
			compatibilityVersion = "Xcode 9.3";
			developmentRegion = en;
			hasScannedForEncodings = 0;
			knownRegions = (
				en,
				Base,
			);
			mainGroup = 5383AAD2268E8EA600453CDA;
			productRefGroup = 5383AADC268E8EA600453CDA /* Products */;
			projectDirPath = "";
			projectRoot = "";
			targets = (
				5383AADA268E8EA600453CDA /* homeWorkLesson7 */,
			);
		};
/* End PBXProject section */

/* Begin PBXResourcesBuildPhase section */
		5383AAD9268E8EA600453CDA /* Resources */ = {
			isa = PBXResourcesBuildPhase;
			buildActionMask = 2147483647;
			files = (
				5383AAEB268E8EAC00453CDA /* LaunchScreen.storyboard in Resources */,
				5383AAE8268E8EAC00453CDA /* Assets.xcassets in Resources */,
				5383AAE6268E8EA700453CDA /* Main.storyboard in Resources */,
			);
			runOnlyForDeploymentPostprocessing = 0;
		};
/* End PBXResourcesBuildPhase section */

/* Begin PBXSourcesBuildPhase section */
		5383AAD7268E8EA600453CDA /* Sources */ = {
			isa = PBXSourcesBuildPhase;
			buildActionMask = 2147483647;
			files = (
				533B8853268F266C008163F2 /* Vehicle.swift in Sources */,
				533B8867268FDCA0008163F2 /* Dogs.swift in Sources */,
				533B886D268FDCE8008163F2 /* Humans.swift in Sources */,
				533B884A268F01BB008163F2 /* Dancer.swift in Sources */,
				53E6D95B2690985F005DFEBA /* Creatures.swift in Sources */,
				53E6D95D2690989B005DFEBA /* Animals.swift in Sources */,
				533B8859268F28C4008163F2 /* Helicopter.swift in Sources */,
				533B8855268F2885008163F2 /* Plane.swift in Sources */,
				53E6D95F269098D0005DFEBA /* FourLegged.swift in Sources */,
				533B885B268F28D3008163F2 /* Car.swift in Sources */,
				533B884C268F0210008163F2 /* Singer.swift in Sources */,
				5383AAE3268E8EA600453CDA /* ViewController.swift in Sources */,
				533B8850268F029A008163F2 /* Painter.swift in Sources */,
				533B8865268FDC82008163F2 /* Giraffe.swift in Sources */,
				533B8857268F289F008163F2 /* Ship.swift in Sources */,
				533B884E268F025C008163F2 /* Actor.swift in Sources */,
				5383AADF268E8EA600453CDA /* AppDelegate.swift in Sources */,
				533B8869268FDCB7008163F2 /* Monkey.swift in Sources */,
				533B8848268F00DD008163F2 /* Artist.swift in Sources */,
				533B886B268FDCD6008163F2 /* Crocodiles.swift in Sources */,
				5383AAE1268E8EA600453CDA /* SceneDelegate.swift in Sources */,
			);
			runOnlyForDeploymentPostprocessing = 0;
		};
/* End PBXSourcesBuildPhase section */

/* Begin PBXVariantGroup section */
		5383AAE4268E8EA700453CDA /* Main.storyboard */ = {
			isa = PBXVariantGroup;
			children = (
				5383AAE5268E8EA700453CDA /* Base */,
			);
			name = Main.storyboard;
			sourceTree = "<group>";
		};
		5383AAE9268E8EAC00453CDA /* LaunchScreen.storyboard */ = {
			isa = PBXVariantGroup;
			children = (
				5383AAEA268E8EAC00453CDA /* Base */,
			);
			name = LaunchScreen.storyboard;
			sourceTree = "<group>";
		};
/* End PBXVariantGroup section */

/* Begin XCBuildConfiguration section */
		5383AAED268E8EAC00453CDA /* Debug */ = {
			isa = XCBuildConfiguration;
			buildSettings = {
				ALWAYS_SEARCH_USER_PATHS = NO;
				CLANG_ANALYZER_NONNULL = YES;
				CLANG_ANALYZER_NUMBER_OBJECT_CONVERSION = YES_AGGRESSIVE;
				CLANG_CXX_LANGUAGE_STANDARD = "gnu++14";
				CLANG_CXX_LIBRARY = "libc++";
				CLANG_ENABLE_MODULES = YES;
				CLANG_ENABLE_OBJC_ARC = YES;
				CLANG_ENABLE_OBJC_WEAK = YES;
				CLANG_WARN_BLOCK_CAPTURE_AUTORELEASING = YES;
				CLANG_WARN_BOOL_CONVERSION = YES;
				CLANG_WARN_COMMA = YES;
				CLANG_WARN_CONSTANT_CONVERSION = YES;
				CLANG_WARN_DEPRECATED_OBJC_IMPLEMENTATIONS = YES;
				CLANG_WARN_DIRECT_OBJC_ISA_USAGE = YES_ERROR;
				CLANG_WARN_DOCUMENTATION_COMMENTS = YES;
				CLANG_WARN_EMPTY_BODY = YES;
				CLANG_WARN_ENUM_CONVERSION = YES;
				CLANG_WARN_INFINITE_RECURSION = YES;
				CLANG_WARN_INT_CONVERSION = YES;
				CLANG_WARN_NON_LITERAL_NULL_CONVERSION = YES;
				CLANG_WARN_OBJC_IMPLICIT_RETAIN_SELF = YES;
				CLANG_WARN_OBJC_LITERAL_CONVERSION = YES;
				CLANG_WARN_OBJC_ROOT_CLASS = YES_ERROR;
				CLANG_WARN_QUOTED_INCLUDE_IN_FRAMEWORK_HEADER = YES;
				CLANG_WARN_RANGE_LOOP_ANALYSIS = YES;
				CLANG_WARN_STRICT_PROTOTYPES = YES;
				CLANG_WARN_SUSPICIOUS_MOVE = YES;
				CLANG_WARN_UNGUARDED_AVAILABILITY = YES_AGGRESSIVE;
				CLANG_WARN_UNREACHABLE_CODE = YES;
				CLANG_WARN__DUPLICATE_METHOD_MATCH = YES;
				COPY_PHASE_STRIP = NO;
				DEBUG_INFORMATION_FORMAT = dwarf;
				ENABLE_STRICT_OBJC_MSGSEND = YES;
				ENABLE_TESTABILITY = YES;
				GCC_C_LANGUAGE_STANDARD = gnu11;
				GCC_DYNAMIC_NO_PIC = NO;
				GCC_NO_COMMON_BLOCKS = YES;
				GCC_OPTIMIZATION_LEVEL = 0;
				GCC_PREPROCESSOR_DEFINITIONS = (
					"DEBUG=1",
					"$(inherited)",
				);
				GCC_WARN_64_TO_32_BIT_CONVERSION = YES;
				GCC_WARN_ABOUT_RETURN_TYPE = YES_ERROR;
				GCC_WARN_UNDECLARED_SELECTOR = YES;
				GCC_WARN_UNINITIALIZED_AUTOS = YES_AGGRESSIVE;
				GCC_WARN_UNUSED_FUNCTION = YES;
				GCC_WARN_UNUSED_VARIABLE = YES;
				IPHONEOS_DEPLOYMENT_TARGET = 14.5;
				MTL_ENABLE_DEBUG_INFO = INCLUDE_SOURCE;
				MTL_FAST_MATH = YES;
				ONLY_ACTIVE_ARCH = YES;
				SDKROOT = iphoneos;
				SWIFT_ACTIVE_COMPILATION_CONDITIONS = DEBUG;
				SWIFT_OPTIMIZATION_LEVEL = "-Onone";
			};
			name = Debug;
		};
		5383AAEE268E8EAC00453CDA /* Release */ = {
			isa = XCBuildConfiguration;
			buildSettings = {
				ALWAYS_SEARCH_USER_PATHS = NO;
				CLANG_ANALYZER_NONNULL = YES;
				CLANG_ANALYZER_NUMBER_OBJECT_CONVERSION = YES_AGGRESSIVE;
				CLANG_CXX_LANGUAGE_STANDARD = "gnu++14";
				CLANG_CXX_LIBRARY = "libc++";
				CLANG_ENABLE_MODULES = YES;
				CLANG_ENABLE_OBJC_ARC = YES;
				CLANG_ENABLE_OBJC_WEAK = YES;
				CLANG_WARN_BLOCK_CAPTURE_AUTORELEASING = YES;
				CLANG_WARN_BOOL_CONVERSION = YES;
				CLANG_WARN_COMMA = YES;
				CLANG_WARN_CONSTANT_CONVERSION = YES;
				CLANG_WARN_DEPRECATED_OBJC_IMPLEMENTATIONS = YES;
				CLANG_WARN_DIRECT_OBJC_ISA_USAGE = YES_ERROR;
				CLANG_WARN_DOCUMENTATION_COMMENTS = YES;
				CLANG_WARN_EMPTY_BODY = YES;
				CLANG_WARN_ENUM_CONVERSION = YES;
				CLANG_WARN_INFINITE_RECURSION = YES;
				CLANG_WARN_INT_CONVERSION = YES;
				CLANG_WARN_NON_LITERAL_NULL_CONVERSION = YES;
				CLANG_WARN_OBJC_IMPLICIT_RETAIN_SELF = YES;
				CLANG_WARN_OBJC_LITERAL_CONVERSION = YES;
				CLANG_WARN_OBJC_ROOT_CLASS = YES_ERROR;
				CLANG_WARN_QUOTED_INCLUDE_IN_FRAMEWORK_HEADER = YES;
				CLANG_WARN_RANGE_LOOP_ANALYSIS = YES;
				CLANG_WARN_STRICT_PROTOTYPES = YES;
				CLANG_WARN_SUSPICIOUS_MOVE = YES;
				CLANG_WARN_UNGUARDED_AVAILABILITY = YES_AGGRESSIVE;
				CLANG_WARN_UNREACHABLE_CODE = YES;
				CLANG_WARN__DUPLICATE_METHOD_MATCH = YES;
				COPY_PHASE_STRIP = NO;
				DEBUG_INFORMATION_FORMAT = "dwarf-with-dsym";
				ENABLE_NS_ASSERTIONS = NO;
				ENABLE_STRICT_OBJC_MSGSEND = YES;
				GCC_C_LANGUAGE_STANDARD = gnu11;
				GCC_NO_COMMON_BLOCKS = YES;
				GCC_WARN_64_TO_32_BIT_CONVERSION = YES;
				GCC_WARN_ABOUT_RETURN_TYPE = YES_ERROR;
				GCC_WARN_UNDECLARED_SELECTOR = YES;
				GCC_WARN_UNINITIALIZED_AUTOS = YES_AGGRESSIVE;
				GCC_WARN_UNUSED_FUNCTION = YES;
				GCC_WARN_UNUSED_VARIABLE = YES;
				IPHONEOS_DEPLOYMENT_TARGET = 14.5;
				MTL_ENABLE_DEBUG_INFO = NO;
				MTL_FAST_MATH = YES;
				SDKROOT = iphoneos;
				SWIFT_COMPILATION_MODE = wholemodule;
				SWIFT_OPTIMIZATION_LEVEL = "-O";
				VALIDATE_PRODUCT = YES;
			};
			name = Release;
		};
		5383AAF0268E8EAC00453CDA /* Debug */ = {
			isa = XCBuildConfiguration;
			buildSettings = {
				ASSETCATALOG_COMPILER_APPICON_NAME = AppIcon;
				ASSETCATALOG_COMPILER_GLOBAL_ACCENT_COLOR_NAME = AccentColor;
				CODE_SIGN_STYLE = Automatic;
				DEVELOPMENT_TEAM = CP6Y2Q4BFL;
				INFOPLIST_FILE = "homeWorkLesson7/Suporting Files/Info.plist";
				LD_RUNPATH_SEARCH_PATHS = (
					"$(inherited)",
					"@executable_path/Frameworks",
				);
				PRODUCT_BUNDLE_IDENTIFIER = moobatteam.homeWorkLesson7;
				PRODUCT_NAME = "$(TARGET_NAME)";
				SWIFT_VERSION = 5.0;
				TARGETED_DEVICE_FAMILY = "1,2";
			};
			name = Debug;
		};
		5383AAF1268E8EAC00453CDA /* Release */ = {
			isa = XCBuildConfiguration;
			buildSettings = {
				ASSETCATALOG_COMPILER_APPICON_NAME = AppIcon;
				ASSETCATALOG_COMPILER_GLOBAL_ACCENT_COLOR_NAME = AccentColor;
				CODE_SIGN_STYLE = Automatic;
				DEVELOPMENT_TEAM = CP6Y2Q4BFL;
				INFOPLIST_FILE = "homeWorkLesson7/Suporting Files/Info.plist";
				LD_RUNPATH_SEARCH_PATHS = (
					"$(inherited)",
					"@executable_path/Frameworks",
				);
				PRODUCT_BUNDLE_IDENTIFIER = moobatteam.homeWorkLesson7;
				PRODUCT_NAME = "$(TARGET_NAME)";
				SWIFT_VERSION = 5.0;
				TARGETED_DEVICE_FAMILY = "1,2";
			};
			name = Release;
		};
/* End XCBuildConfiguration section */

/* Begin XCConfigurationList section */
		5383AAD6268E8EA600453CDA /* Build configuration list for PBXProject "homeWorkLesson7" */ = {
			isa = XCConfigurationList;
			buildConfigurations = (
				5383AAED268E8EAC00453CDA /* Debug */,
				5383AAEE268E8EAC00453CDA /* Release */,
			);
			defaultConfigurationIsVisible = 0;
			defaultConfigurationName = Release;
		};
		5383AAEF268E8EAC00453CDA /* Build configuration list for PBXNativeTarget "homeWorkLesson7" */ = {
			isa = XCConfigurationList;
			buildConfigurations = (
				5383AAF0268E8EAC00453CDA /* Debug */,
				5383AAF1268E8EAC00453CDA /* Release */,
			);
			defaultConfigurationIsVisible = 0;
			defaultConfigurationName = Release;
		};
/* End XCConfigurationList section */
	};
	rootObject = 5383AAD3268E8EA600453CDA /* Project object */;
}
