// !$*UTF8*$!
{
	archiveVersion = 1;
	classes = {
	};
	objectVersion = 50;
	objects = {

/* Begin PBXBuildFile section */
		53BB81A126C0547C0015F9A4 /* TaskOneTableViewCell.swift in Sources */ = {isa = PBXBuildFile; fileRef = 53BB81A026C0547C0015F9A4 /* TaskOneTableViewCell.swift */; };
		53BB81A326C0556B0015F9A4 /* ViewController+CoreKit.swift in Sources */ = {isa = PBXBuildFile; fileRef = 53BB81A226C0556B0015F9A4 /* ViewController+CoreKit.swift */; };
		53BB81A526C059E40015F9A4 /* TaskTwoVC.swift in Sources */ = {isa = PBXBuildFile; fileRef = 53BB81A426C059E40015F9A4 /* TaskTwoVC.swift */; };
		53BB81A726C059F40015F9A4 /* TaskTreeVC.swift in Sources */ = {isa = PBXBuildFile; fileRef = 53BB81A626C059F40015F9A4 /* TaskTreeVC.swift */; };
		53BB81B226C076480015F9A4 /* ColorAndName.swift in Sources */ = {isa = PBXBuildFile; fileRef = 53BB81B126C076480015F9A4 /* ColorAndName.swift */; };
		53BB81B426C07A930015F9A4 /* TaskTwoTableViewCell.swift in Sources */ = {isa = PBXBuildFile; fileRef = 53BB81B326C07A930015F9A4 /* TaskTwoTableViewCell.swift */; };
		53BB81B726C086880015F9A4 /* TaskTreeTableViewCell.swift in Sources */ = {isa = PBXBuildFile; fileRef = 53BB81B526C086880015F9A4 /* TaskTreeTableViewCell.swift */; };
		53BB81B826C086880015F9A4 /* TaskTreeTableViewCell.xib in Resources */ = {isa = PBXBuildFile; fileRef = 53BB81B626C086880015F9A4 /* TaskTreeTableViewCell.xib */; };
		53D56FB626BFD31100D1A1DC /* AppDelegate.swift in Sources */ = {isa = PBXBuildFile; fileRef = 53D56FB526BFD31100D1A1DC /* AppDelegate.swift */; };
		53D56FB826BFD31100D1A1DC /* SceneDelegate.swift in Sources */ = {isa = PBXBuildFile; fileRef = 53D56FB726BFD31100D1A1DC /* SceneDelegate.swift */; };
		53D56FBA26BFD31100D1A1DC /* ViewController.swift in Sources */ = {isa = PBXBuildFile; fileRef = 53D56FB926BFD31100D1A1DC /* ViewController.swift */; };
		53D56FBD26BFD31100D1A1DC /* Main.storyboard in Resources */ = {isa = PBXBuildFile; fileRef = 53D56FBB26BFD31100D1A1DC /* Main.storyboard */; };
		53D56FBF26BFD31400D1A1DC /* Assets.xcassets in Resources */ = {isa = PBXBuildFile; fileRef = 53D56FBE26BFD31400D1A1DC /* Assets.xcassets */; };
		53D56FC226BFD31400D1A1DC /* LaunchScreen.storyboard in Resources */ = {isa = PBXBuildFile; fileRef = 53D56FC026BFD31400D1A1DC /* LaunchScreen.storyboard */; };
/* End PBXBuildFile section */

/* Begin PBXFileReference section */
		53BB81A026C0547C0015F9A4 /* TaskOneTableViewCell.swift */ = {isa = PBXFileReference; lastKnownFileType = sourcecode.swift; path = TaskOneTableViewCell.swift; sourceTree = "<group>"; };
		53BB81A226C0556B0015F9A4 /* ViewController+CoreKit.swift */ = {isa = PBXFileReference; lastKnownFileType = sourcecode.swift; path = "ViewController+CoreKit.swift"; sourceTree = "<group>"; };
		53BB81A426C059E40015F9A4 /* TaskTwoVC.swift */ = {isa = PBXFileReference; lastKnownFileType = sourcecode.swift; path = TaskTwoVC.swift; sourceTree = "<group>"; };
		53BB81A626C059F40015F9A4 /* TaskTreeVC.swift */ = {isa = PBXFileReference; lastKnownFileType = sourcecode.swift; path = TaskTreeVC.swift; sourceTree = "<group>"; };
		53BB81B126C076480015F9A4 /* ColorAndName.swift */ = {isa = PBXFileReference; lastKnownFileType = sourcecode.swift; path = ColorAndName.swift; sourceTree = "<group>"; };
		53BB81B326C07A930015F9A4 /* TaskTwoTableViewCell.swift */ = {isa = PBXFileReference; lastKnownFileType = sourcecode.swift; path = TaskTwoTableViewCell.swift; sourceTree = "<group>"; };
		53BB81B526C086880015F9A4 /* TaskTreeTableViewCell.swift */ = {isa = PBXFileReference; lastKnownFileType = sourcecode.swift; path = TaskTreeTableViewCell.swift; sourceTree = "<group>"; };
		53BB81B626C086880015F9A4 /* TaskTreeTableViewCell.xib */ = {isa = PBXFileReference; lastKnownFileType = file.xib; path = TaskTreeTableViewCell.xib; sourceTree = "<group>"; };
		53D56FB226BFD31100D1A1DC /* homeWorkLesson16.app */ = {isa = PBXFileReference; explicitFileType = wrapper.application; includeInIndex = 0; path = homeWorkLesson16.app; sourceTree = BUILT_PRODUCTS_DIR; };
		53D56FB526BFD31100D1A1DC /* AppDelegate.swift */ = {isa = PBXFileReference; lastKnownFileType = sourcecode.swift; path = AppDelegate.swift; sourceTree = "<group>"; };
		53D56FB726BFD31100D1A1DC /* SceneDelegate.swift */ = {isa = PBXFileReference; lastKnownFileType = sourcecode.swift; path = SceneDelegate.swift; sourceTree = "<group>"; };
		53D56FB926BFD31100D1A1DC /* ViewController.swift */ = {isa = PBXFileReference; lastKnownFileType = sourcecode.swift; path = ViewController.swift; sourceTree = "<group>"; };
		53D56FBC26BFD31100D1A1DC /* Base */ = {isa = PBXFileReference; lastKnownFileType = file.storyboard; name = Base; path = Base.lproj/Main.storyboard; sourceTree = "<group>"; };
		53D56FBE26BFD31400D1A1DC /* Assets.xcassets */ = {isa = PBXFileReference; lastKnownFileType = folder.assetcatalog; path = Assets.xcassets; sourceTree = "<group>"; };
		53D56FC126BFD31400D1A1DC /* Base */ = {isa = PBXFileReference; lastKnownFileType = file.storyboard; name = Base; path = Base.lproj/LaunchScreen.storyboard; sourceTree = "<group>"; };
		53D56FC326BFD31400D1A1DC /* Info.plist */ = {isa = PBXFileReference; lastKnownFileType = text.plist.xml; path = Info.plist; sourceTree = "<group>"; };
/* End PBXFileReference section */

/* Begin PBXFrameworksBuildPhase section */
		53D56FAF26BFD31100D1A1DC /* Frameworks */ = {
			isa = PBXFrameworksBuildPhase;
			buildActionMask = 2147483647;
			files = (
			);
			runOnlyForDeploymentPostprocessing = 0;
		};
/* End PBXFrameworksBuildPhase section */

/* Begin PBXGroup section */
		53BB819F26C054430015F9A4 /* TableViewsCells */ = {
			isa = PBXGroup;
			children = (
				53BB81A026C0547C0015F9A4 /* TaskOneTableViewCell.swift */,
				53BB81B326C07A930015F9A4 /* TaskTwoTableViewCell.swift */,
				53BB81B926C0868D0015F9A4 /* TaskTreeTableViewCell */,
			);
			path = TableViewsCells;
			sourceTree = "<group>";
		};
		53BB81B026C076040015F9A4 /* Classes */ = {
			isa = PBXGroup;
			children = (
				53BB81B126C076480015F9A4 /* ColorAndName.swift */,
			);
			path = Classes;
			sourceTree = "<group>";
		};
		53BB81B926C0868D0015F9A4 /* TaskTreeTableViewCell */ = {
			isa = PBXGroup;
			children = (
				53BB81B526C086880015F9A4 /* TaskTreeTableViewCell.swift */,
				53BB81B626C086880015F9A4 /* TaskTreeTableViewCell.xib */,
			);
			path = TaskTreeTableViewCell;
			sourceTree = "<group>";
		};
		53D56FA926BFD31100D1A1DC = {
			isa = PBXGroup;
			children = (
				53D56FB426BFD31100D1A1DC /* homeWorkLesson16 */,
				53D56FB326BFD31100D1A1DC /* Products */,
			);
			sourceTree = "<group>";
		};
		53D56FB326BFD31100D1A1DC /* Products */ = {
			isa = PBXGroup;
			children = (
				53D56FB226BFD31100D1A1DC /* homeWorkLesson16.app */,
			);
			name = Products;
			sourceTree = "<group>";
		};
		53D56FB426BFD31100D1A1DC /* homeWorkLesson16 */ = {
			isa = PBXGroup;
			children = (
				53D56FC926BFD35B00D1A1DC /* SuportingFiles */,
				53D56FCC26BFD39700D1A1DC /* Extensions */,
				53BB81B026C076040015F9A4 /* Classes */,
				53BB819F26C054430015F9A4 /* TableViewsCells */,
				53D56FCA26BFD36B00D1A1DC /* Controllers */,
				53D56FCB26BFD37B00D1A1DC /* storyboardViews */,
			);
			path = homeWorkLesson16;
			sourceTree = "<group>";
		};
		53D56FC926BFD35B00D1A1DC /* SuportingFiles */ = {
			isa = PBXGroup;
			children = (
				53D56FC326BFD31400D1A1DC /* Info.plist */,
				53D56FB526BFD31100D1A1DC /* AppDelegate.swift */,
				53D56FB726BFD31100D1A1DC /* SceneDelegate.swift */,
				53D56FBE26BFD31400D1A1DC /* Assets.xcassets */,
			);
			path = SuportingFiles;
			sourceTree = "<group>";
		};
		53D56FCA26BFD36B00D1A1DC /* Controllers */ = {
			isa = PBXGroup;
			children = (
				53D56FB926BFD31100D1A1DC /* ViewController.swift */,
				53BB81A426C059E40015F9A4 /* TaskTwoVC.swift */,
				53BB81A626C059F40015F9A4 /* TaskTreeVC.swift */,
			);
			path = Controllers;
			sourceTree = "<group>";
		};
		53D56FCB26BFD37B00D1A1DC /* storyboardViews */ = {
			isa = PBXGroup;
			children = (
				53D56FBB26BFD31100D1A1DC /* Main.storyboard */,
				53D56FC026BFD31400D1A1DC /* LaunchScreen.storyboard */,
			);
			path = storyboardViews;
			sourceTree = "<group>";
		};
		53D56FCC26BFD39700D1A1DC /* Extensions */ = {
			isa = PBXGroup;
			children = (
				53BB81A226C0556B0015F9A4 /* ViewController+CoreKit.swift */,
			);
			path = Extensions;
			sourceTree = "<group>";
		};
/* End PBXGroup section */

/* Begin PBXNativeTarget section */
		53D56FB126BFD31100D1A1DC /* homeWorkLesson16 */ = {
			isa = PBXNativeTarget;
			buildConfigurationList = 53D56FC626BFD31400D1A1DC /* Build configuration list for PBXNativeTarget "homeWorkLesson16" */;
			buildPhases = (
				53D56FAE26BFD31100D1A1DC /* Sources */,
				53D56FAF26BFD31100D1A1DC /* Frameworks */,
				53D56FB026BFD31100D1A1DC /* Resources */,
			);
			buildRules = (
			);
			dependencies = (
			);
			name = homeWorkLesson16;
			productName = homeWorkLesson16;
			productReference = 53D56FB226BFD31100D1A1DC /* homeWorkLesson16.app */;
			productType = "com.apple.product-type.application";
		};
/* End PBXNativeTarget section */

/* Begin PBXProject section */
		53D56FAA26BFD31100D1A1DC /* Project object */ = {
			isa = PBXProject;
			attributes = {
				LastSwiftUpdateCheck = 1250;
				LastUpgradeCheck = 1250;
				TargetAttributes = {
					53D56FB126BFD31100D1A1DC = {
						CreatedOnToolsVersion = 12.5;
					};
				};
			};
			buildConfigurationList = 53D56FAD26BFD31100D1A1DC /* Build configuration list for PBXProject "homeWorkLesson16" */;
			compatibilityVersion = "Xcode 9.3";
			developmentRegion = en;
			hasScannedForEncodings = 0;
			knownRegions = (
				en,
				Base,
			);
			mainGroup = 53D56FA926BFD31100D1A1DC;
			productRefGroup = 53D56FB326BFD31100D1A1DC /* Products */;
			projectDirPath = "";
			projectRoot = "";
			targets = (
				53D56FB126BFD31100D1A1DC /* homeWorkLesson16 */,
			);
		};
/* End PBXProject section */

/* Begin PBXResourcesBuildPhase section */
		53D56FB026BFD31100D1A1DC /* Resources */ = {
			isa = PBXResourcesBuildPhase;
			buildActionMask = 2147483647;
			files = (
				53BB81B826C086880015F9A4 /* TaskTreeTableViewCell.xib in Resources */,
				53D56FC226BFD31400D1A1DC /* LaunchScreen.storyboard in Resources */,
				53D56FBF26BFD31400D1A1DC /* Assets.xcassets in Resources */,
				53D56FBD26BFD31100D1A1DC /* Main.storyboard in Resources */,
			);
			runOnlyForDeploymentPostprocessing = 0;
		};
/* End PBXResourcesBuildPhase section */

/* Begin PBXSourcesBuildPhase section */
		53D56FAE26BFD31100D1A1DC /* Sources */ = {
			isa = PBXSourcesBuildPhase;
			buildActionMask = 2147483647;
			files = (
				53BB81B226C076480015F9A4 /* ColorAndName.swift in Sources */,
				53BB81B426C07A930015F9A4 /* TaskTwoTableViewCell.swift in Sources */,
				53D56FBA26BFD31100D1A1DC /* ViewController.swift in Sources */,
				53BB81A326C0556B0015F9A4 /* ViewController+CoreKit.swift in Sources */,
				53BB81B726C086880015F9A4 /* TaskTreeTableViewCell.swift in Sources */,
				53D56FB626BFD31100D1A1DC /* AppDelegate.swift in Sources */,
				53BB81A126C0547C0015F9A4 /* TaskOneTableViewCell.swift in Sources */,
				53BB81A526C059E40015F9A4 /* TaskTwoVC.swift in Sources */,
				53D56FB826BFD31100D1A1DC /* SceneDelegate.swift in Sources */,
				53BB81A726C059F40015F9A4 /* TaskTreeVC.swift in Sources */,
			);
			runOnlyForDeploymentPostprocessing = 0;
		};
/* End PBXSourcesBuildPhase section */

/* Begin PBXVariantGroup section */
		53D56FBB26BFD31100D1A1DC /* Main.storyboard */ = {
			isa = PBXVariantGroup;
			children = (
				53D56FBC26BFD31100D1A1DC /* Base */,
			);
			name = Main.storyboard;
			sourceTree = "<group>";
		};
		53D56FC026BFD31400D1A1DC /* LaunchScreen.storyboard */ = {
			isa = PBXVariantGroup;
			children = (
				53D56FC126BFD31400D1A1DC /* Base */,
			);
			name = LaunchScreen.storyboard;
			sourceTree = "<group>";
		};
/* End PBXVariantGroup section */

/* Begin XCBuildConfiguration section */
		53D56FC426BFD31400D1A1DC /* Debug */ = {
			isa = XCBuildConfiguration;
			buildSettings = {
				ALWAYS_SEARCH_USER_PATHS = NO;
				CLANG_ANALYZER_NONNULL = YES;
				CLANG_ANALYZER_NUMBER_OBJECT_CONVERSION = YES_AGGRESSIVE;
				CLANG_CXX_LANGUAGE_STANDARD = "gnu++14";
				CLANG_CXX_LIBRARY = "libc++";
				CLANG_ENABLE_MODULES = YES;
				CLANG_ENABLE_OBJC_ARC = YES;
				CLANG_ENABLE_OBJC_WEAK = YES;
				CLANG_WARN_BLOCK_CAPTURE_AUTORELEASING = YES;
				CLANG_WARN_BOOL_CONVERSION = YES;
				CLANG_WARN_COMMA = YES;
				CLANG_WARN_CONSTANT_CONVERSION = YES;
				CLANG_WARN_DEPRECATED_OBJC_IMPLEMENTATIONS = YES;
				CLANG_WARN_DIRECT_OBJC_ISA_USAGE = YES_ERROR;
				CLANG_WARN_DOCUMENTATION_COMMENTS = YES;
				CLANG_WARN_EMPTY_BODY = YES;
				CLANG_WARN_ENUM_CONVERSION = YES;
				CLANG_WARN_INFINITE_RECURSION = YES;
				CLANG_WARN_INT_CONVERSION = YES;
				CLANG_WARN_NON_LITERAL_NULL_CONVERSION = YES;
				CLANG_WARN_OBJC_IMPLICIT_RETAIN_SELF = YES;
				CLANG_WARN_OBJC_LITERAL_CONVERSION = YES;
				CLANG_WARN_OBJC_ROOT_CLASS = YES_ERROR;
				CLANG_WARN_QUOTED_INCLUDE_IN_FRAMEWORK_HEADER = YES;
				CLANG_WARN_RANGE_LOOP_ANALYSIS = YES;
				CLANG_WARN_STRICT_PROTOTYPES = YES;
				CLANG_WARN_SUSPICIOUS_MOVE = YES;
				CLANG_WARN_UNGUARDED_AVAILABILITY = YES_AGGRESSIVE;
				CLANG_WARN_UNREACHABLE_CODE = YES;
				CLANG_WARN__DUPLICATE_METHOD_MATCH = YES;
				COPY_PHASE_STRIP = NO;
				DEBUG_INFORMATION_FORMAT = dwarf;
				ENABLE_STRICT_OBJC_MSGSEND = YES;
				ENABLE_TESTABILITY = YES;
				GCC_C_LANGUAGE_STANDARD = gnu11;
				GCC_DYNAMIC_NO_PIC = NO;
				GCC_NO_COMMON_BLOCKS = YES;
				GCC_OPTIMIZATION_LEVEL = 0;
				GCC_PREPROCESSOR_DEFINITIONS = (
					"DEBUG=1",
					"$(inherited)",
				);
				GCC_WARN_64_TO_32_BIT_CONVERSION = YES;
				GCC_WARN_ABOUT_RETURN_TYPE = YES_ERROR;
				GCC_WARN_UNDECLARED_SELECTOR = YES;
				GCC_WARN_UNINITIALIZED_AUTOS = YES_AGGRESSIVE;
				GCC_WARN_UNUSED_FUNCTION = YES;
				GCC_WARN_UNUSED_VARIABLE = YES;
				IPHONEOS_DEPLOYMENT_TARGET = 14.5;
				MTL_ENABLE_DEBUG_INFO = INCLUDE_SOURCE;
				MTL_FAST_MATH = YES;
				ONLY_ACTIVE_ARCH = YES;
				SDKROOT = iphoneos;
				SWIFT_ACTIVE_COMPILATION_CONDITIONS = DEBUG;
				SWIFT_OPTIMIZATION_LEVEL = "-Onone";
			};
			name = Debug;
		};
		53D56FC526BFD31400D1A1DC /* Release */ = {
			isa = XCBuildConfiguration;
			buildSettings = {
				ALWAYS_SEARCH_USER_PATHS = NO;
				CLANG_ANALYZER_NONNULL = YES;
				CLANG_ANALYZER_NUMBER_OBJECT_CONVERSION = YES_AGGRESSIVE;
				CLANG_CXX_LANGUAGE_STANDARD = "gnu++14";
				CLANG_CXX_LIBRARY = "libc++";
				CLANG_ENABLE_MODULES = YES;
				CLANG_ENABLE_OBJC_ARC = YES;
				CLANG_ENABLE_OBJC_WEAK = YES;
				CLANG_WARN_BLOCK_CAPTURE_AUTORELEASING = YES;
				CLANG_WARN_BOOL_CONVERSION = YES;
				CLANG_WARN_COMMA = YES;
				CLANG_WARN_CONSTANT_CONVERSION = YES;
				CLANG_WARN_DEPRECATED_OBJC_IMPLEMENTATIONS = YES;
				CLANG_WARN_DIRECT_OBJC_ISA_USAGE = YES_ERROR;
				CLANG_WARN_DOCUMENTATION_COMMENTS = YES;
				CLANG_WARN_EMPTY_BODY = YES;
				CLANG_WARN_ENUM_CONVERSION = YES;
				CLANG_WARN_INFINITE_RECURSION = YES;
				CLANG_WARN_INT_CONVERSION = YES;
				CLANG_WARN_NON_LITERAL_NULL_CONVERSION = YES;
				CLANG_WARN_OBJC_IMPLICIT_RETAIN_SELF = YES;
				CLANG_WARN_OBJC_LITERAL_CONVERSION = YES;
				CLANG_WARN_OBJC_ROOT_CLASS = YES_ERROR;
				CLANG_WARN_QUOTED_INCLUDE_IN_FRAMEWORK_HEADER = YES;
				CLANG_WARN_RANGE_LOOP_ANALYSIS = YES;
				CLANG_WARN_STRICT_PROTOTYPES = YES;
				CLANG_WARN_SUSPICIOUS_MOVE = YES;
				CLANG_WARN_UNGUARDED_AVAILABILITY = YES_AGGRESSIVE;
				CLANG_WARN_UNREACHABLE_CODE = YES;
				CLANG_WARN__DUPLICATE_METHOD_MATCH = YES;
				COPY_PHASE_STRIP = NO;
				DEBUG_INFORMATION_FORMAT = "dwarf-with-dsym";
				ENABLE_NS_ASSERTIONS = NO;
				ENABLE_STRICT_OBJC_MSGSEND = YES;
				GCC_C_LANGUAGE_STANDARD = gnu11;
				GCC_NO_COMMON_BLOCKS = YES;
				GCC_WARN_64_TO_32_BIT_CONVERSION = YES;
				GCC_WARN_ABOUT_RETURN_TYPE = YES_ERROR;
				GCC_WARN_UNDECLARED_SELECTOR = YES;
				GCC_WARN_UNINITIALIZED_AUTOS = YES_AGGRESSIVE;
				GCC_WARN_UNUSED_FUNCTION = YES;
				GCC_WARN_UNUSED_VARIABLE = YES;
				IPHONEOS_DEPLOYMENT_TARGET = 14.5;
				MTL_ENABLE_DEBUG_INFO = NO;
				MTL_FAST_MATH = YES;
				SDKROOT = iphoneos;
				SWIFT_COMPILATION_MODE = wholemodule;
				SWIFT_OPTIMIZATION_LEVEL = "-O";
				VALIDATE_PRODUCT = YES;
			};
			name = Release;
		};
		53D56FC726BFD31400D1A1DC /* Debug */ = {
			isa = XCBuildConfiguration;
			buildSettings = {
				ASSETCATALOG_COMPILER_APPICON_NAME = AppIcon;
				ASSETCATALOG_COMPILER_GLOBAL_ACCENT_COLOR_NAME = AccentColor;
				CODE_SIGN_STYLE = Automatic;
				DEVELOPMENT_TEAM = CP6Y2Q4BFL;
				INFOPLIST_FILE = homeWorkLesson16/SuportingFiles/Info.plist;
				LD_RUNPATH_SEARCH_PATHS = (
					"$(inherited)",
					"@executable_path/Frameworks",
				);
				PRODUCT_BUNDLE_IDENTIFIER = moobatteam.homeWorkLesson16;
				PRODUCT_NAME = "$(TARGET_NAME)";
				SWIFT_VERSION = 5.0;
				TARGETED_DEVICE_FAMILY = "1,2";
			};
			name = Debug;
		};
		53D56FC826BFD31400D1A1DC /* Release */ = {
			isa = XCBuildConfiguration;
			buildSettings = {
				ASSETCATALOG_COMPILER_APPICON_NAME = AppIcon;
				ASSETCATALOG_COMPILER_GLOBAL_ACCENT_COLOR_NAME = AccentColor;
				CODE_SIGN_STYLE = Automatic;
				DEVELOPMENT_TEAM = CP6Y2Q4BFL;
				INFOPLIST_FILE = homeWorkLesson16/SuportingFiles/Info.plist;
				LD_RUNPATH_SEARCH_PATHS = (
					"$(inherited)",
					"@executable_path/Frameworks",
				);
				PRODUCT_BUNDLE_IDENTIFIER = moobatteam.homeWorkLesson16;
				PRODUCT_NAME = "$(TARGET_NAME)";
				SWIFT_VERSION = 5.0;
				TARGETED_DEVICE_FAMILY = "1,2";
			};
			name = Release;
		};
/* End XCBuildConfiguration section */

/* Begin XCConfigurationList section */
		53D56FAD26BFD31100D1A1DC /* Build configuration list for PBXProject "homeWorkLesson16" */ = {
			isa = XCConfigurationList;
			buildConfigurations = (
				53D56FC426BFD31400D1A1DC /* Debug */,
				53D56FC526BFD31400D1A1DC /* Release */,
			);
			defaultConfigurationIsVisible = 0;
			defaultConfigurationName = Release;
		};
		53D56FC626BFD31400D1A1DC /* Build configuration list for PBXNativeTarget "homeWorkLesson16" */ = {
			isa = XCConfigurationList;
			buildConfigurations = (
				53D56FC726BFD31400D1A1DC /* Debug */,
				53D56FC826BFD31400D1A1DC /* Release */,
			);
			defaultConfigurationIsVisible = 0;
			defaultConfigurationName = Release;
		};
/* End XCConfigurationList section */
	};
	rootObject = 53D56FAA26BFD31100D1A1DC /* Project object */;
}
